
Microsoft Visual Studio Solution File, Format Version 12.00
# Visual Studio Version 17
VisualStudioVersion = 17.2.32526.322
MinimumVisualStudioVersion = 10.0.40219.1
Project("{2150E333-8FDC-42A3-9474-1A3956D46DE8}") = "2 WPF", "2 WPF", "{6B224D67-E18F-4B9A-8286-E075E2C665C0}"
EndProject
Project("{2150E333-8FDC-42A3-9474-1A3956D46DE8}") = "1 Console", "1 Console", "{12CA4997-7908-4FE0-982F-2FC56A7CC832}"
EndProject
Project("{2150E333-8FDC-42A3-9474-1A3956D46DE8}") = "0 Examples", "0 Examples", "{290C3C10-EFB9-4571-B388-926637C9E111}"
EndProject
Project("{2150E333-8FDC-42A3-9474-1A3956D46DE8}") = "3 WFA", "3 WFA", "{CEA023E0-4DF9-4B7E-A9BA-296A2522BD9A}"
EndProject
Project("{9A19103F-16F7-4668-BE54-9A1E7A4F7556}") = "201 Node Controller", "2 WPF\201 Node Controller\201 Node Controller.csproj", "{50F91BAF-531E-4395-804B-7B37996EBD5F}"
EndProject
Project("{9A19103F-16F7-4668-BE54-9A1E7A4F7556}") = "003 Research Articles Node Controller", "0 Examples\003 Research Articles Node Controller\003 Research Articles Node Controller.csproj", "{D9FD5569-FC75-43E9-AA25-EE5928E92D72}"
EndProject
Project("{9A19103F-16F7-4668-BE54-9A1E7A4F7556}") = "002 Sample Node Controller", "0 Examples\002 Sample Node Controller\002 Sample Node Controller.csproj", "{18530E25-C62D-4736-9748-D84C2B49C3A1}"
EndProject
Project("{9A19103F-16F7-4668-BE54-9A1E7A4F7556}") = "100 General", "1 Console\100 General\100 General.csproj", "{3BD89421-B1E1-490F-AFEF-34B703F8D603}"
EndProject
Project("{9A19103F-16F7-4668-BE54-9A1E7A4F7556}") = "110 Structural Engineering", "1 Console\110 Structural Eng\110 Structural Engineering.csproj", "{1A8FA3C8-0045-4D07-AE9D-FB084F8DCD66}"
EndProject
Project("{9A19103F-16F7-4668-BE54-9A1E7A4F7556}") = "101 Machine Learning", "1 Console\101 ML\101 Machine Learning.csproj", "{2617BDC2-FDE5-4187-82F5-353A7BFF3F85}"
EndProject
Project("{9A19103F-16F7-4668-BE54-9A1E7A4F7556}") = "111 Research", "1 Console\111 Research\111 Research.csproj", "{35578693-A05F-45BA-B1CC-43C1145A8A7A}"
EndProject
Project("{9A19103F-16F7-4668-BE54-9A1E7A4F7556}") = "001 Console Util Example", "0 Examples\001 Console Util Example\001 Console Util Example.csproj", "{851670C0-014A-4716-8D0E-A41694D8B983}"
EndProject
Global
	GlobalSection(SolutionConfigurationPlatforms) = preSolution
		Debug|Any CPU = Debug|Any CPU
		Debug|x64 = Debug|x64
		Debug|x86 = Debug|x86
		Release|Any CPU = Release|Any CPU
		Release|x64 = Release|x64
		Release|x86 = Release|x86
	EndGlobalSection
	GlobalSection(ProjectConfigurationPlatforms) = postSolution
		{50F91BAF-531E-4395-804B-7B37996EBD5F}.Debug|Any CPU.ActiveCfg = Debug|Any CPU
		{50F91BAF-531E-4395-804B-7B37996EBD5F}.Debug|Any CPU.Build.0 = Debug|Any CPU
		{50F91BAF-531E-4395-804B-7B37996EBD5F}.Debug|x64.ActiveCfg = Debug|x64
		{50F91BAF-531E-4395-804B-7B37996EBD5F}.Debug|x64.Build.0 = Debug|x64
		{50F91BAF-531E-4395-804B-7B37996EBD5F}.Debug|x86.ActiveCfg = Debug|Any CPU
		{50F91BAF-531E-4395-804B-7B37996EBD5F}.Debug|x86.Build.0 = Debug|Any CPU
		{50F91BAF-531E-4395-804B-7B37996EBD5F}.Release|Any CPU.ActiveCfg = Release|Any CPU
		{50F91BAF-531E-4395-804B-7B37996EBD5F}.Release|Any CPU.Build.0 = Release|Any CPU
		{50F91BAF-531E-4395-804B-7B37996EBD5F}.Release|x64.ActiveCfg = Release|x64
		{50F91BAF-531E-4395-804B-7B37996EBD5F}.Release|x64.Build.0 = Release|x64
		{50F91BAF-531E-4395-804B-7B37996EBD5F}.Release|x86.ActiveCfg = Release|Any CPU
		{50F91BAF-531E-4395-804B-7B37996EBD5F}.Release|x86.Build.0 = Release|Any CPU
		{D9FD5569-FC75-43E9-AA25-EE5928E92D72}.Debug|Any CPU.ActiveCfg = Debug|Any CPU
		{D9FD5569-FC75-43E9-AA25-EE5928E92D72}.Debug|Any CPU.Build.0 = Debug|Any CPU
		{D9FD5569-FC75-43E9-AA25-EE5928E92D72}.Debug|x64.ActiveCfg = Debug|x64
		{D9FD5569-FC75-43E9-AA25-EE5928E92D72}.Debug|x64.Build.0 = Debug|x64
		{D9FD5569-FC75-43E9-AA25-EE5928E92D72}.Debug|x86.ActiveCfg = Debug|Any CPU
		{D9FD5569-FC75-43E9-AA25-EE5928E92D72}.Debug|x86.Build.0 = Debug|Any CPU
		{D9FD5569-FC75-43E9-AA25-EE5928E92D72}.Release|Any CPU.ActiveCfg = Release|Any CPU
		{D9FD5569-FC75-43E9-AA25-EE5928E92D72}.Release|Any CPU.Build.0 = Release|Any CPU
		{D9FD5569-FC75-43E9-AA25-EE5928E92D72}.Release|x64.ActiveCfg = Release|x64
		{D9FD5569-FC75-43E9-AA25-EE5928E92D72}.Release|x64.Build.0 = Release|x64
		{D9FD5569-FC75-43E9-AA25-EE5928E92D72}.Release|x86.ActiveCfg = Release|Any CPU
		{D9FD5569-FC75-43E9-AA25-EE5928E92D72}.Release|x86.Build.0 = Release|Any CPU
		{18530E25-C62D-4736-9748-D84C2B49C3A1}.Debug|Any CPU.ActiveCfg = Debug|Any CPU
		{18530E25-C62D-4736-9748-D84C2B49C3A1}.Debug|Any CPU.Build.0 = Debug|Any CPU
		{18530E25-C62D-4736-9748-D84C2B49C3A1}.Debug|x64.ActiveCfg = Debug|x64
		{18530E25-C62D-4736-9748-D84C2B49C3A1}.Debug|x64.Build.0 = Debug|x64
		{18530E25-C62D-4736-9748-D84C2B49C3A1}.Debug|x86.ActiveCfg = Debug|Any CPU
		{18530E25-C62D-4736-9748-D84C2B49C3A1}.Debug|x86.Build.0 = Debug|Any CPU
		{18530E25-C62D-4736-9748-D84C2B49C3A1}.Release|Any CPU.ActiveCfg = Release|Any CPU
		{18530E25-C62D-4736-9748-D84C2B49C3A1}.Release|Any CPU.Build.0 = Release|Any CPU
		{18530E25-C62D-4736-9748-D84C2B49C3A1}.Release|x64.ActiveCfg = Release|x64
		{18530E25-C62D-4736-9748-D84C2B49C3A1}.Release|x64.Build.0 = Release|x64
		{18530E25-C62D-4736-9748-D84C2B49C3A1}.Release|x86.ActiveCfg = Release|Any CPU
		{18530E25-C62D-4736-9748-D84C2B49C3A1}.Release|x86.Build.0 = Release|Any CPU
		{3BD89421-B1E1-490F-AFEF-34B703F8D603}.Debug|Any CPU.ActiveCfg = Debug|Any CPU
		{3BD89421-B1E1-490F-AFEF-34B703F8D603}.Debug|Any CPU.Build.0 = Debug|Any CPU
		{3BD89421-B1E1-490F-AFEF-34B703F8D603}.Debug|x64.ActiveCfg = Debug|x64
		{3BD89421-B1E1-490F-AFEF-34B703F8D603}.Debug|x64.Build.0 = Debug|x64
		{3BD89421-B1E1-490F-AFEF-34B703F8D603}.Debug|x86.ActiveCfg = Debug|Any CPU
		{3BD89421-B1E1-490F-AFEF-34B703F8D603}.Debug|x86.Build.0 = Debug|Any CPU
		{3BD89421-B1E1-490F-AFEF-34B703F8D603}.Release|Any CPU.ActiveCfg = Release|Any CPU
		{3BD89421-B1E1-490F-AFEF-34B703F8D603}.Release|Any CPU.Build.0 = Release|Any CPU
		{3BD89421-B1E1-490F-AFEF-34B703F8D603}.Release|x64.ActiveCfg = Release|x64
		{3BD89421-B1E1-490F-AFEF-34B703F8D603}.Release|x64.Build.0 = Release|x64
		{3BD89421-B1E1-490F-AFEF-34B703F8D603}.Release|x86.ActiveCfg = Release|Any CPU
		{3BD89421-B1E1-490F-AFEF-34B703F8D603}.Release|x86.Build.0 = Release|Any CPU
		{1A8FA3C8-0045-4D07-AE9D-FB084F8DCD66}.Debug|Any CPU.ActiveCfg = Debug|Any CPU
		{1A8FA3C8-0045-4D07-AE9D-FB084F8DCD66}.Debug|Any CPU.Build.0 = Debug|Any CPU
		{1A8FA3C8-0045-4D07-AE9D-FB084F8DCD66}.Debug|x64.ActiveCfg = Debug|x64
		{1A8FA3C8-0045-4D07-AE9D-FB084F8DCD66}.Debug|x64.Build.0 = Debug|x64
		{1A8FA3C8-0045-4D07-AE9D-FB084F8DCD66}.Debug|x86.ActiveCfg = Debug|Any CPU
		{1A8FA3C8-0045-4D07-AE9D-FB084F8DCD66}.Debug|x86.Build.0 = Debug|Any CPU
		{1A8FA3C8-0045-4D07-AE9D-FB084F8DCD66}.Release|Any CPU.ActiveCfg = Release|Any CPU
		{1A8FA3C8-0045-4D07-AE9D-FB084F8DCD66}.Release|Any CPU.Build.0 = Release|Any CPU
		{1A8FA3C8-0045-4D07-AE9D-FB084F8DCD66}.Release|x64.ActiveCfg = Release|x64
		{1A8FA3C8-0045-4D07-AE9D-FB084F8DCD66}.Release|x64.Build.0 = Release|x64
		{1A8FA3C8-0045-4D07-AE9D-FB084F8DCD66}.Release|x86.ActiveCfg = Release|Any CPU
		{1A8FA3C8-0045-4D07-AE9D-FB084F8DCD66}.Release|x86.Build.0 = Release|Any CPU
		{2617BDC2-FDE5-4187-82F5-353A7BFF3F85}.Debug|Any CPU.ActiveCfg = Debug|Any CPU
		{2617BDC2-FDE5-4187-82F5-353A7BFF3F85}.Debug|Any CPU.Build.0 = Debug|Any CPU
		{2617BDC2-FDE5-4187-82F5-353A7BFF3F85}.Debug|x64.ActiveCfg = Debug|x64
		{2617BDC2-FDE5-4187-82F5-353A7BFF3F85}.Debug|x64.Build.0 = Debug|x64
		{2617BDC2-FDE5-4187-82F5-353A7BFF3F85}.Debug|x86.ActiveCfg = Debug|Any CPU
		{2617BDC2-FDE5-4187-82F5-353A7BFF3F85}.Debug|x86.Build.0 = Debug|Any CPU
		{2617BDC2-FDE5-4187-82F5-353A7BFF3F85}.Release|Any CPU.ActiveCfg = Release|Any CPU
		{2617BDC2-FDE5-4187-82F5-353A7BFF3F85}.Release|Any CPU.Build.0 = Release|Any CPU
		{2617BDC2-FDE5-4187-82F5-353A7BFF3F85}.Release|x64.ActiveCfg = Release|x64
		{2617BDC2-FDE5-4187-82F5-353A7BFF3F85}.Release|x64.Build.0 = Release|x64
		{2617BDC2-FDE5-4187-82F5-353A7BFF3F85}.Release|x86.ActiveCfg = Release|Any CPU
		{2617BDC2-FDE5-4187-82F5-353A7BFF3F85}.Release|x86.Build.0 = Release|Any CPU
		{35578693-A05F-45BA-B1CC-43C1145A8A7A}.Debug|Any CPU.ActiveCfg = Debug|Any CPU
		{35578693-A05F-45BA-B1CC-43C1145A8A7A}.Debug|Any CPU.Build.0 = Debug|Any CPU
		{35578693-A05F-45BA-B1CC-43C1145A8A7A}.Debug|x64.ActiveCfg = Debug|x64
		{35578693-A05F-45BA-B1CC-43C1145A8A7A}.Debug|x64.Build.0 = Debug|x64
		{35578693-A05F-45BA-B1CC-43C1145A8A7A}.Debug|x86.ActiveCfg = Debug|Any CPU
		{35578693-A05F-45BA-B1CC-43C1145A8A7A}.Debug|x86.Build.0 = Debug|Any CPU
		{35578693-A05F-45BA-B1CC-43C1145A8A7A}.Release|Any CPU.ActiveCfg = Release|Any CPU
		{35578693-A05F-45BA-B1CC-43C1145A8A7A}.Release|Any CPU.Build.0 = Release|Any CPU
		{35578693-A05F-45BA-B1CC-43C1145A8A7A}.Release|x64.ActiveCfg = Release|x64
		{35578693-A05F-45BA-B1CC-43C1145A8A7A}.Release|x64.Build.0 = Release|x64
		{35578693-A05F-45BA-B1CC-43C1145A8A7A}.Release|x86.ActiveCfg = Release|Any CPU
		{35578693-A05F-45BA-B1CC-43C1145A8A7A}.Release|x86.Build.0 = Release|Any CPU
		{851670C0-014A-4716-8D0E-A41694D8B983}.Debug|Any CPU.ActiveCfg = Debug|Any CPU
		{851670C0-014A-4716-8D0E-A41694D8B983}.Debug|Any CPU.Build.0 = Debug|Any CPU
		{851670C0-014A-4716-8D0E-A41694D8B983}.Debug|x64.ActiveCfg = Debug|x64
		{851670C0-014A-4716-8D0E-A41694D8B983}.Debug|x64.Build.0 = Debug|x64
		{851670C0-014A-4716-8D0E-A41694D8B983}.Debug|x86.ActiveCfg = Debug|Any CPU
		{851670C0-014A-4716-8D0E-A41694D8B983}.Debug|x86.Build.0 = Debug|Any CPU
		{851670C0-014A-4716-8D0E-A41694D8B983}.Release|Any CPU.ActiveCfg = Release|Any CPU
		{851670C0-014A-4716-8D0E-A41694D8B983}.Release|Any CPU.Build.0 = Release|Any CPU
		{851670C0-014A-4716-8D0E-A41694D8B983}.Release|x64.ActiveCfg = Release|x64
		{851670C0-014A-4716-8D0E-A41694D8B983}.Release|x64.Build.0 = Release|x64
		{851670C0-014A-4716-8D0E-A41694D8B983}.Release|x86.ActiveCfg = Release|Any CPU
		{851670C0-014A-4716-8D0E-A41694D8B983}.Release|x86.Build.0 = Release|Any CPU
	EndGlobalSection
	GlobalSection(SolutionProperties) = preSolution
		HideSolutionNode = FALSE
	EndGlobalSection
	GlobalSection(NestedProjects) = preSolution
		{50F91BAF-531E-4395-804B-7B37996EBD5F} = {6B224D67-E18F-4B9A-8286-E075E2C665C0}
		{D9FD5569-FC75-43E9-AA25-EE5928E92D72} = {290C3C10-EFB9-4571-B388-926637C9E111}
		{18530E25-C62D-4736-9748-D84C2B49C3A1} = {290C3C10-EFB9-4571-B388-926637C9E111}
		{3BD89421-B1E1-490F-AFEF-34B703F8D603} = {12CA4997-7908-4FE0-982F-2FC56A7CC832}
		{1A8FA3C8-0045-4D07-AE9D-FB084F8DCD66} = {12CA4997-7908-4FE0-982F-2FC56A7CC832}
		{2617BDC2-FDE5-4187-82F5-353A7BFF3F85} = {12CA4997-7908-4FE0-982F-2FC56A7CC832}
		{35578693-A05F-45BA-B1CC-43C1145A8A7A} = {12CA4997-7908-4FE0-982F-2FC56A7CC832}
		{851670C0-014A-4716-8D0E-A41694D8B983} = {290C3C10-EFB9-4571-B388-926637C9E111}
	EndGlobalSection
	GlobalSection(ExtensibilityGlobals) = postSolution
		SolutionGuid = {E6152233-E9D8-4E47-935B-F8AE00F7FD90}
	EndGlobalSection
EndGlobal
