
Microsoft Visual Studio Solution File, Format Version 12.00
# Visual Studio Version 17
VisualStudioVersion = 17.2.32526.322
MinimumVisualStudioVersion = 10.0.40219.1
Project("{2150E333-8FDC-42A3-9474-1A3956D46DE8}") = "0_Apps", "0_Apps", "{DDF0214E-812C-4607-893E-F583E8FEDC37}"
EndProject
Project("{2150E333-8FDC-42A3-9474-1A3956D46DE8}") = "1_Examples", "1_Examples", "{290C3C10-EFB9-4571-B388-926637C9E111}"
EndProject
Project("{2150E333-8FDC-42A3-9474-1A3956D46DE8}") = "A_Console", "A_Console", "{12CA4997-7908-4FE0-982F-2FC56A7CC832}"
EndProject
Project("{2150E333-8FDC-42A3-9474-1A3956D46DE8}") = "B_WPF", "B_WPF", "{6B224D67-E18F-4B9A-8286-E075E2C665C0}"
EndProject
Project("{2150E333-8FDC-42A3-9474-1A3956D46DE8}") = "C_WinForm", "C_WinForm", "{CEA023E0-4DF9-4B7E-A9BA-296A2522BD9A}"
EndProject
Project("{9A19103F-16F7-4668-BE54-9A1E7A4F7556}") = "001_ConsoleMiniApps", "0_Apps\001_ConsoleMiniApps\001_ConsoleMiniApps.csproj", "{D3E7567F-9B02-470E-A2C9-A553EE7FF40C}"
EndProject
Project("{9A19103F-16F7-4668-BE54-9A1E7A4F7556}") = "0AA_ResearchArticlesNodeController", "0_Apps\0AA_ResearchArticlesNodeController\0AA_ResearchArticlesNodeController.csproj", "{D2705574-3BA8-4059-A02E-2878A8C2E9F3}"
EndProject
Project("{9A19103F-16F7-4668-BE54-9A1E7A4F7556}") = "101_ConsoleUtilExample", "1_Examples\101_ConsoleUtilExample\101_ConsoleUtilExample.csproj", "{851670C0-014A-4716-8D0E-A41694D8B983}"
EndProject
Project("{9A19103F-16F7-4668-BE54-9A1E7A4F7556}") = "102_NodeControllerExample", "1_Examples\102_NodeControllerExample\102_NodeControllerExample.csproj", "{2B4D0D2C-B0FD-4F87-A29B-AA0AE5B8A164}"
EndProject
Project("{FAE04EC0-301F-11D3-BF4B-00C04F79EFBC}") = "103_WinFormControlExample", "1_Examples\103_WinFormControlExample\103_WinFormControlExample.csproj", "{85AE4E11-6DCE-4795-BF35-0D58FF5E5FCF}"
EndProject
Project("{9A19103F-16F7-4668-BE54-9A1E7A4F7556}") = "A00_General", "A_Console\A00_General\A00_General.csproj", "{3BD89421-B1E1-490F-AFEF-34B703F8D603}"
EndProject
Project("{9A19103F-16F7-4668-BE54-9A1E7A4F7556}") = "A10_Structure", "A_Console\A10_Structure\A10_Structure.csproj", "{D6916CED-ED85-418E-AF4A-658993ECAB65}"
EndProject
Project("{9A19103F-16F7-4668-BE54-9A1E7A4F7556}") = "A11_Research", "A_Console\A11_Research\A11_Research.csproj", "{35578693-A05F-45BA-B1CC-43C1145A8A7A}"
EndProject
Project("{9A19103F-16F7-4668-BE54-9A1E7A4F7556}") = "AXX_Hobby", "A_Console\AXX_Hobby\AXX_Hobby.csproj", "{D87055DA-2AAB-4A94-B2CD-70EDA9B4A636}"
EndProject
Project("{9A19103F-16F7-4668-BE54-9A1E7A4F7556}") = "B00_General", "B_WPF\B00_General\B00_General.csproj", "{5D9A4B05-EF3C-41C6-8970-B444CA609595}"
EndProject
Project("{9A19103F-16F7-4668-BE54-9A1E7A4F7556}") = "B01_NodeController", "B_WPF\B01_NodeController\B01_NodeController.csproj", "{50F91BAF-531E-4395-804B-7B37996EBD5F}"
EndProject
Project("{FAE04EC0-301F-11D3-BF4B-00C04F79EFBC}") = "C01_Control", "C_WinForm\C01_Control\C01_Control.csproj", "{C476EF84-74C9-4921-AC2F-9C1AAA5DAE3B}"
EndProject
Project("{9A19103F-16F7-4668-BE54-9A1E7A4F7556}") = "A02_AI", "A_Console\A02_AI\A02_AI.csproj", "{A68E48E2-7D7E-4A9C-B833-FBCF47C070C2}"
EndProject
Project("{9A19103F-16F7-4668-BE54-9A1E7A4F7556}") = "A01_PythonAndNumerics", "A_Console\A01_PythonAndNumerics\A01_PythonAndNumerics.csproj", "{CA9879CD-7BCF-44DE-A9BF-A87960980C8D}"
EndProject
Project("{2150E333-8FDC-42A3-9474-1A3956D46DE8}") = "9_Assets", "9_Assets", "{26D46CC8-20AE-4079-9E45-58B5B4B9B780}"
EndProject
Project("{2150E333-8FDC-42A3-9474-1A3956D46DE8}") = "Templates", "Templates", "{99E4A9A3-78F2-4D77-AE0E-77416179C9D9}"
	ProjectSection(SolutionItems) = preProject
		9_Assets\Templates\README.md = 9_Assets\Templates\README.md
		Template.cs = Template.cs
	EndProjectSection
EndProject
Project("{2150E333-8FDC-42A3-9474-1A3956D46DE8}") = "8_Personal", "8_Personal", "{3ACEEB12-20EA-4AE5-BDCF-75A6755A4C2E}"
EndProject
Project("{9A19103F-16F7-4668-BE54-9A1E7A4F7556}") = "80A_LowCycleFatigueResearch", "8_Personal\80A_LowCycleFatigueResearch\80A_LowCycleFatigueResearch.csproj", "{3F3A672C-C87D-41EE-A5BF-FA7D29DA6283}"
EndProject
Project("{FAE04EC0-301F-11D3-BF4B-00C04F79EFBC}") = "CZZ_CheatSheet", "C_WinForm\CZZ_CheatSheet\CZZ_CheatSheet.csproj", "{3979F72A-CEFD-4058-B5C2-81C0960255D0}"
EndProject
Project("{2150E333-8FDC-42A3-9474-1A3956D46DE8}") = "D_UWP", "D_UWP", "{1FA83CFC-B0E4-4759-8E53-4AF457137D8B}"
EndProject
Project("{2150E333-8FDC-42A3-9474-1A3956D46DE8}") = "E_Uno", "E_Uno", "{B06FA43C-0D18-496F-A4F8-002355E4BBC3}"
EndProject
Project("{FAE04EC0-301F-11D3-BF4B-00C04F79EFBC}") = "DZZ_CheatSheet", "D_UWP\DZZ_CheatSheet\DZZ_CheatSheet.csproj", "{6B72E440-DAF3-49B3-9015-68ECF05724F9}"
EndProject
Global
	GlobalSection(SolutionConfigurationPlatforms) = preSolution
		Debug|Any CPU = Debug|Any CPU
		Debug|ARM = Debug|ARM
		Debug|ARM64 = Debug|ARM64
		Debug|x64 = Debug|x64
		Debug|x86 = Debug|x86
		Release|Any CPU = Release|Any CPU
		Release|ARM = Release|ARM
		Release|ARM64 = Release|ARM64
		Release|x64 = Release|x64
		Release|x86 = Release|x86
	EndGlobalSection
	GlobalSection(ProjectConfigurationPlatforms) = postSolution
		{D3E7567F-9B02-470E-A2C9-A553EE7FF40C}.Debug|Any CPU.ActiveCfg = Debug|Any CPU
		{D3E7567F-9B02-470E-A2C9-A553EE7FF40C}.Debug|Any CPU.Build.0 = Debug|Any CPU
		{D3E7567F-9B02-470E-A2C9-A553EE7FF40C}.Debug|ARM.ActiveCfg = Debug|Any CPU
		{D3E7567F-9B02-470E-A2C9-A553EE7FF40C}.Debug|ARM.Build.0 = Debug|Any CPU
		{D3E7567F-9B02-470E-A2C9-A553EE7FF40C}.Debug|ARM64.ActiveCfg = Debug|Any CPU
		{D3E7567F-9B02-470E-A2C9-A553EE7FF40C}.Debug|ARM64.Build.0 = Debug|Any CPU
		{D3E7567F-9B02-470E-A2C9-A553EE7FF40C}.Debug|x64.ActiveCfg = Debug|Any CPU
		{D3E7567F-9B02-470E-A2C9-A553EE7FF40C}.Debug|x64.Build.0 = Debug|Any CPU
		{D3E7567F-9B02-470E-A2C9-A553EE7FF40C}.Debug|x86.ActiveCfg = Debug|Any CPU
		{D3E7567F-9B02-470E-A2C9-A553EE7FF40C}.Debug|x86.Build.0 = Debug|Any CPU
		{D3E7567F-9B02-470E-A2C9-A553EE7FF40C}.Release|Any CPU.ActiveCfg = Release|Any CPU
		{D3E7567F-9B02-470E-A2C9-A553EE7FF40C}.Release|Any CPU.Build.0 = Release|Any CPU
		{D3E7567F-9B02-470E-A2C9-A553EE7FF40C}.Release|ARM.ActiveCfg = Release|Any CPU
		{D3E7567F-9B02-470E-A2C9-A553EE7FF40C}.Release|ARM.Build.0 = Release|Any CPU
		{D3E7567F-9B02-470E-A2C9-A553EE7FF40C}.Release|ARM64.ActiveCfg = Release|Any CPU
		{D3E7567F-9B02-470E-A2C9-A553EE7FF40C}.Release|ARM64.Build.0 = Release|Any CPU
		{D3E7567F-9B02-470E-A2C9-A553EE7FF40C}.Release|x64.ActiveCfg = Release|Any CPU
		{D3E7567F-9B02-470E-A2C9-A553EE7FF40C}.Release|x64.Build.0 = Release|Any CPU
		{D3E7567F-9B02-470E-A2C9-A553EE7FF40C}.Release|x86.ActiveCfg = Release|Any CPU
		{D3E7567F-9B02-470E-A2C9-A553EE7FF40C}.Release|x86.Build.0 = Release|Any CPU
		{D2705574-3BA8-4059-A02E-2878A8C2E9F3}.Debug|Any CPU.ActiveCfg = Debug|Any CPU
		{D2705574-3BA8-4059-A02E-2878A8C2E9F3}.Debug|Any CPU.Build.0 = Debug|Any CPU
		{D2705574-3BA8-4059-A02E-2878A8C2E9F3}.Debug|ARM.ActiveCfg = Debug|Any CPU
		{D2705574-3BA8-4059-A02E-2878A8C2E9F3}.Debug|ARM.Build.0 = Debug|Any CPU
		{D2705574-3BA8-4059-A02E-2878A8C2E9F3}.Debug|ARM64.ActiveCfg = Debug|Any CPU
		{D2705574-3BA8-4059-A02E-2878A8C2E9F3}.Debug|ARM64.Build.0 = Debug|Any CPU
		{D2705574-3BA8-4059-A02E-2878A8C2E9F3}.Debug|x64.ActiveCfg = Debug|Any CPU
		{D2705574-3BA8-4059-A02E-2878A8C2E9F3}.Debug|x64.Build.0 = Debug|Any CPU
		{D2705574-3BA8-4059-A02E-2878A8C2E9F3}.Debug|x86.ActiveCfg = Debug|Any CPU
		{D2705574-3BA8-4059-A02E-2878A8C2E9F3}.Debug|x86.Build.0 = Debug|Any CPU
		{D2705574-3BA8-4059-A02E-2878A8C2E9F3}.Release|Any CPU.ActiveCfg = Release|Any CPU
		{D2705574-3BA8-4059-A02E-2878A8C2E9F3}.Release|Any CPU.Build.0 = Release|Any CPU
		{D2705574-3BA8-4059-A02E-2878A8C2E9F3}.Release|ARM.ActiveCfg = Release|Any CPU
		{D2705574-3BA8-4059-A02E-2878A8C2E9F3}.Release|ARM.Build.0 = Release|Any CPU
		{D2705574-3BA8-4059-A02E-2878A8C2E9F3}.Release|ARM64.ActiveCfg = Release|Any CPU
		{D2705574-3BA8-4059-A02E-2878A8C2E9F3}.Release|ARM64.Build.0 = Release|Any CPU
		{D2705574-3BA8-4059-A02E-2878A8C2E9F3}.Release|x64.ActiveCfg = Release|Any CPU
		{D2705574-3BA8-4059-A02E-2878A8C2E9F3}.Release|x64.Build.0 = Release|Any CPU
		{D2705574-3BA8-4059-A02E-2878A8C2E9F3}.Release|x86.ActiveCfg = Release|Any CPU
		{D2705574-3BA8-4059-A02E-2878A8C2E9F3}.Release|x86.Build.0 = Release|Any CPU
		{851670C0-014A-4716-8D0E-A41694D8B983}.Debug|Any CPU.ActiveCfg = Debug|Any CPU
		{851670C0-014A-4716-8D0E-A41694D8B983}.Debug|Any CPU.Build.0 = Debug|Any CPU
		{851670C0-014A-4716-8D0E-A41694D8B983}.Debug|ARM.ActiveCfg = Debug|Any CPU
		{851670C0-014A-4716-8D0E-A41694D8B983}.Debug|ARM.Build.0 = Debug|Any CPU
		{851670C0-014A-4716-8D0E-A41694D8B983}.Debug|ARM64.ActiveCfg = Debug|Any CPU
		{851670C0-014A-4716-8D0E-A41694D8B983}.Debug|ARM64.Build.0 = Debug|Any CPU
		{851670C0-014A-4716-8D0E-A41694D8B983}.Debug|x64.ActiveCfg = Debug|x64
		{851670C0-014A-4716-8D0E-A41694D8B983}.Debug|x64.Build.0 = Debug|x64
		{851670C0-014A-4716-8D0E-A41694D8B983}.Debug|x86.ActiveCfg = Debug|Any CPU
		{851670C0-014A-4716-8D0E-A41694D8B983}.Debug|x86.Build.0 = Debug|Any CPU
		{851670C0-014A-4716-8D0E-A41694D8B983}.Release|Any CPU.ActiveCfg = Release|Any CPU
		{851670C0-014A-4716-8D0E-A41694D8B983}.Release|Any CPU.Build.0 = Release|Any CPU
		{851670C0-014A-4716-8D0E-A41694D8B983}.Release|ARM.ActiveCfg = Release|Any CPU
		{851670C0-014A-4716-8D0E-A41694D8B983}.Release|ARM.Build.0 = Release|Any CPU
		{851670C0-014A-4716-8D0E-A41694D8B983}.Release|ARM64.ActiveCfg = Release|Any CPU
		{851670C0-014A-4716-8D0E-A41694D8B983}.Release|ARM64.Build.0 = Release|Any CPU
		{851670C0-014A-4716-8D0E-A41694D8B983}.Release|x64.ActiveCfg = Release|x64
		{851670C0-014A-4716-8D0E-A41694D8B983}.Release|x64.Build.0 = Release|x64
		{851670C0-014A-4716-8D0E-A41694D8B983}.Release|x86.ActiveCfg = Release|Any CPU
		{851670C0-014A-4716-8D0E-A41694D8B983}.Release|x86.Build.0 = Release|Any CPU
		{2B4D0D2C-B0FD-4F87-A29B-AA0AE5B8A164}.Debug|Any CPU.ActiveCfg = Debug|Any CPU
		{2B4D0D2C-B0FD-4F87-A29B-AA0AE5B8A164}.Debug|Any CPU.Build.0 = Debug|Any CPU
		{2B4D0D2C-B0FD-4F87-A29B-AA0AE5B8A164}.Debug|ARM.ActiveCfg = Debug|Any CPU
		{2B4D0D2C-B0FD-4F87-A29B-AA0AE5B8A164}.Debug|ARM.Build.0 = Debug|Any CPU
		{2B4D0D2C-B0FD-4F87-A29B-AA0AE5B8A164}.Debug|ARM64.ActiveCfg = Debug|Any CPU
		{2B4D0D2C-B0FD-4F87-A29B-AA0AE5B8A164}.Debug|ARM64.Build.0 = Debug|Any CPU
		{2B4D0D2C-B0FD-4F87-A29B-AA0AE5B8A164}.Debug|x64.ActiveCfg = Debug|Any CPU
		{2B4D0D2C-B0FD-4F87-A29B-AA0AE5B8A164}.Debug|x64.Build.0 = Debug|Any CPU
		{2B4D0D2C-B0FD-4F87-A29B-AA0AE5B8A164}.Debug|x86.ActiveCfg = Debug|Any CPU
		{2B4D0D2C-B0FD-4F87-A29B-AA0AE5B8A164}.Debug|x86.Build.0 = Debug|Any CPU
		{2B4D0D2C-B0FD-4F87-A29B-AA0AE5B8A164}.Release|Any CPU.ActiveCfg = Release|Any CPU
		{2B4D0D2C-B0FD-4F87-A29B-AA0AE5B8A164}.Release|Any CPU.Build.0 = Release|Any CPU
		{2B4D0D2C-B0FD-4F87-A29B-AA0AE5B8A164}.Release|ARM.ActiveCfg = Release|Any CPU
		{2B4D0D2C-B0FD-4F87-A29B-AA0AE5B8A164}.Release|ARM.Build.0 = Release|Any CPU
		{2B4D0D2C-B0FD-4F87-A29B-AA0AE5B8A164}.Release|ARM64.ActiveCfg = Release|Any CPU
		{2B4D0D2C-B0FD-4F87-A29B-AA0AE5B8A164}.Release|ARM64.Build.0 = Release|Any CPU
		{2B4D0D2C-B0FD-4F87-A29B-AA0AE5B8A164}.Release|x64.ActiveCfg = Release|Any CPU
		{2B4D0D2C-B0FD-4F87-A29B-AA0AE5B8A164}.Release|x64.Build.0 = Release|Any CPU
		{2B4D0D2C-B0FD-4F87-A29B-AA0AE5B8A164}.Release|x86.ActiveCfg = Release|Any CPU
		{2B4D0D2C-B0FD-4F87-A29B-AA0AE5B8A164}.Release|x86.Build.0 = Release|Any CPU
		{85AE4E11-6DCE-4795-BF35-0D58FF5E5FCF}.Debug|Any CPU.ActiveCfg = Debug|Any CPU
		{85AE4E11-6DCE-4795-BF35-0D58FF5E5FCF}.Debug|Any CPU.Build.0 = Debug|Any CPU
		{85AE4E11-6DCE-4795-BF35-0D58FF5E5FCF}.Debug|ARM.ActiveCfg = Debug|Any CPU
		{85AE4E11-6DCE-4795-BF35-0D58FF5E5FCF}.Debug|ARM.Build.0 = Debug|Any CPU
		{85AE4E11-6DCE-4795-BF35-0D58FF5E5FCF}.Debug|ARM64.ActiveCfg = Debug|Any CPU
		{85AE4E11-6DCE-4795-BF35-0D58FF5E5FCF}.Debug|ARM64.Build.0 = Debug|Any CPU
		{85AE4E11-6DCE-4795-BF35-0D58FF5E5FCF}.Debug|x64.ActiveCfg = Debug|Any CPU
		{85AE4E11-6DCE-4795-BF35-0D58FF5E5FCF}.Debug|x64.Build.0 = Debug|Any CPU
		{85AE4E11-6DCE-4795-BF35-0D58FF5E5FCF}.Debug|x86.ActiveCfg = Debug|Any CPU
		{85AE4E11-6DCE-4795-BF35-0D58FF5E5FCF}.Debug|x86.Build.0 = Debug|Any CPU
		{85AE4E11-6DCE-4795-BF35-0D58FF5E5FCF}.Release|Any CPU.ActiveCfg = Release|Any CPU
		{85AE4E11-6DCE-4795-BF35-0D58FF5E5FCF}.Release|Any CPU.Build.0 = Release|Any CPU
		{85AE4E11-6DCE-4795-BF35-0D58FF5E5FCF}.Release|ARM.ActiveCfg = Release|Any CPU
		{85AE4E11-6DCE-4795-BF35-0D58FF5E5FCF}.Release|ARM.Build.0 = Release|Any CPU
		{85AE4E11-6DCE-4795-BF35-0D58FF5E5FCF}.Release|ARM64.ActiveCfg = Release|Any CPU
		{85AE4E11-6DCE-4795-BF35-0D58FF5E5FCF}.Release|ARM64.Build.0 = Release|Any CPU
		{85AE4E11-6DCE-4795-BF35-0D58FF5E5FCF}.Release|x64.ActiveCfg = Release|Any CPU
		{85AE4E11-6DCE-4795-BF35-0D58FF5E5FCF}.Release|x64.Build.0 = Release|Any CPU
		{85AE4E11-6DCE-4795-BF35-0D58FF5E5FCF}.Release|x86.ActiveCfg = Release|Any CPU
		{85AE4E11-6DCE-4795-BF35-0D58FF5E5FCF}.Release|x86.Build.0 = Release|Any CPU
		{3BD89421-B1E1-490F-AFEF-34B703F8D603}.Debug|Any CPU.ActiveCfg = Debug|Any CPU
		{3BD89421-B1E1-490F-AFEF-34B703F8D603}.Debug|Any CPU.Build.0 = Debug|Any CPU
		{3BD89421-B1E1-490F-AFEF-34B703F8D603}.Debug|ARM.ActiveCfg = Debug|Any CPU
		{3BD89421-B1E1-490F-AFEF-34B703F8D603}.Debug|ARM.Build.0 = Debug|Any CPU
		{3BD89421-B1E1-490F-AFEF-34B703F8D603}.Debug|ARM64.ActiveCfg = Debug|Any CPU
		{3BD89421-B1E1-490F-AFEF-34B703F8D603}.Debug|ARM64.Build.0 = Debug|Any CPU
		{3BD89421-B1E1-490F-AFEF-34B703F8D603}.Debug|x64.ActiveCfg = Debug|x64
		{3BD89421-B1E1-490F-AFEF-34B703F8D603}.Debug|x64.Build.0 = Debug|x64
		{3BD89421-B1E1-490F-AFEF-34B703F8D603}.Debug|x86.ActiveCfg = Debug|Any CPU
		{3BD89421-B1E1-490F-AFEF-34B703F8D603}.Debug|x86.Build.0 = Debug|Any CPU
		{3BD89421-B1E1-490F-AFEF-34B703F8D603}.Release|Any CPU.ActiveCfg = Release|Any CPU
		{3BD89421-B1E1-490F-AFEF-34B703F8D603}.Release|Any CPU.Build.0 = Release|Any CPU
		{3BD89421-B1E1-490F-AFEF-34B703F8D603}.Release|ARM.ActiveCfg = Release|Any CPU
		{3BD89421-B1E1-490F-AFEF-34B703F8D603}.Release|ARM.Build.0 = Release|Any CPU
		{3BD89421-B1E1-490F-AFEF-34B703F8D603}.Release|ARM64.ActiveCfg = Release|Any CPU
		{3BD89421-B1E1-490F-AFEF-34B703F8D603}.Release|ARM64.Build.0 = Release|Any CPU
		{3BD89421-B1E1-490F-AFEF-34B703F8D603}.Release|x64.ActiveCfg = Release|x64
		{3BD89421-B1E1-490F-AFEF-34B703F8D603}.Release|x64.Build.0 = Release|x64
		{3BD89421-B1E1-490F-AFEF-34B703F8D603}.Release|x86.ActiveCfg = Release|Any CPU
		{3BD89421-B1E1-490F-AFEF-34B703F8D603}.Release|x86.Build.0 = Release|Any CPU
		{D6916CED-ED85-418E-AF4A-658993ECAB65}.Debug|Any CPU.ActiveCfg = Debug|Any CPU
		{D6916CED-ED85-418E-AF4A-658993ECAB65}.Debug|Any CPU.Build.0 = Debug|Any CPU
		{D6916CED-ED85-418E-AF4A-658993ECAB65}.Debug|ARM.ActiveCfg = Debug|Any CPU
		{D6916CED-ED85-418E-AF4A-658993ECAB65}.Debug|ARM.Build.0 = Debug|Any CPU
		{D6916CED-ED85-418E-AF4A-658993ECAB65}.Debug|ARM64.ActiveCfg = Debug|Any CPU
		{D6916CED-ED85-418E-AF4A-658993ECAB65}.Debug|ARM64.Build.0 = Debug|Any CPU
		{D6916CED-ED85-418E-AF4A-658993ECAB65}.Debug|x64.ActiveCfg = Debug|Any CPU
		{D6916CED-ED85-418E-AF4A-658993ECAB65}.Debug|x64.Build.0 = Debug|Any CPU
		{D6916CED-ED85-418E-AF4A-658993ECAB65}.Debug|x86.ActiveCfg = Debug|Any CPU
		{D6916CED-ED85-418E-AF4A-658993ECAB65}.Debug|x86.Build.0 = Debug|Any CPU
		{D6916CED-ED85-418E-AF4A-658993ECAB65}.Release|Any CPU.ActiveCfg = Release|Any CPU
		{D6916CED-ED85-418E-AF4A-658993ECAB65}.Release|Any CPU.Build.0 = Release|Any CPU
		{D6916CED-ED85-418E-AF4A-658993ECAB65}.Release|ARM.ActiveCfg = Release|Any CPU
		{D6916CED-ED85-418E-AF4A-658993ECAB65}.Release|ARM.Build.0 = Release|Any CPU
		{D6916CED-ED85-418E-AF4A-658993ECAB65}.Release|ARM64.ActiveCfg = Release|Any CPU
		{D6916CED-ED85-418E-AF4A-658993ECAB65}.Release|ARM64.Build.0 = Release|Any CPU
		{D6916CED-ED85-418E-AF4A-658993ECAB65}.Release|x64.ActiveCfg = Release|Any CPU
		{D6916CED-ED85-418E-AF4A-658993ECAB65}.Release|x64.Build.0 = Release|Any CPU
		{D6916CED-ED85-418E-AF4A-658993ECAB65}.Release|x86.ActiveCfg = Release|Any CPU
		{D6916CED-ED85-418E-AF4A-658993ECAB65}.Release|x86.Build.0 = Release|Any CPU
		{35578693-A05F-45BA-B1CC-43C1145A8A7A}.Debug|Any CPU.ActiveCfg = Debug|Any CPU
		{35578693-A05F-45BA-B1CC-43C1145A8A7A}.Debug|Any CPU.Build.0 = Debug|Any CPU
		{35578693-A05F-45BA-B1CC-43C1145A8A7A}.Debug|ARM.ActiveCfg = Debug|Any CPU
		{35578693-A05F-45BA-B1CC-43C1145A8A7A}.Debug|ARM.Build.0 = Debug|Any CPU
		{35578693-A05F-45BA-B1CC-43C1145A8A7A}.Debug|ARM64.ActiveCfg = Debug|Any CPU
		{35578693-A05F-45BA-B1CC-43C1145A8A7A}.Debug|ARM64.Build.0 = Debug|Any CPU
		{35578693-A05F-45BA-B1CC-43C1145A8A7A}.Debug|x64.ActiveCfg = Debug|x64
		{35578693-A05F-45BA-B1CC-43C1145A8A7A}.Debug|x64.Build.0 = Debug|x64
		{35578693-A05F-45BA-B1CC-43C1145A8A7A}.Debug|x86.ActiveCfg = Debug|Any CPU
		{35578693-A05F-45BA-B1CC-43C1145A8A7A}.Debug|x86.Build.0 = Debug|Any CPU
		{35578693-A05F-45BA-B1CC-43C1145A8A7A}.Release|Any CPU.ActiveCfg = Release|Any CPU
		{35578693-A05F-45BA-B1CC-43C1145A8A7A}.Release|Any CPU.Build.0 = Release|Any CPU
		{35578693-A05F-45BA-B1CC-43C1145A8A7A}.Release|ARM.ActiveCfg = Release|Any CPU
		{35578693-A05F-45BA-B1CC-43C1145A8A7A}.Release|ARM.Build.0 = Release|Any CPU
		{35578693-A05F-45BA-B1CC-43C1145A8A7A}.Release|ARM64.ActiveCfg = Release|Any CPU
		{35578693-A05F-45BA-B1CC-43C1145A8A7A}.Release|ARM64.Build.0 = Release|Any CPU
		{35578693-A05F-45BA-B1CC-43C1145A8A7A}.Release|x64.ActiveCfg = Release|x64
		{35578693-A05F-45BA-B1CC-43C1145A8A7A}.Release|x64.Build.0 = Release|x64
		{35578693-A05F-45BA-B1CC-43C1145A8A7A}.Release|x86.ActiveCfg = Release|Any CPU
		{35578693-A05F-45BA-B1CC-43C1145A8A7A}.Release|x86.Build.0 = Release|Any CPU
		{D87055DA-2AAB-4A94-B2CD-70EDA9B4A636}.Debug|Any CPU.ActiveCfg = Debug|Any CPU
		{D87055DA-2AAB-4A94-B2CD-70EDA9B4A636}.Debug|Any CPU.Build.0 = Debug|Any CPU
		{D87055DA-2AAB-4A94-B2CD-70EDA9B4A636}.Debug|ARM.ActiveCfg = Debug|Any CPU
		{D87055DA-2AAB-4A94-B2CD-70EDA9B4A636}.Debug|ARM.Build.0 = Debug|Any CPU
		{D87055DA-2AAB-4A94-B2CD-70EDA9B4A636}.Debug|ARM64.ActiveCfg = Debug|Any CPU
		{D87055DA-2AAB-4A94-B2CD-70EDA9B4A636}.Debug|ARM64.Build.0 = Debug|Any CPU
		{D87055DA-2AAB-4A94-B2CD-70EDA9B4A636}.Debug|x64.ActiveCfg = Debug|Any CPU
		{D87055DA-2AAB-4A94-B2CD-70EDA9B4A636}.Debug|x64.Build.0 = Debug|Any CPU
		{D87055DA-2AAB-4A94-B2CD-70EDA9B4A636}.Debug|x86.ActiveCfg = Debug|Any CPU
		{D87055DA-2AAB-4A94-B2CD-70EDA9B4A636}.Debug|x86.Build.0 = Debug|Any CPU
		{D87055DA-2AAB-4A94-B2CD-70EDA9B4A636}.Release|Any CPU.ActiveCfg = Release|Any CPU
		{D87055DA-2AAB-4A94-B2CD-70EDA9B4A636}.Release|Any CPU.Build.0 = Release|Any CPU
		{D87055DA-2AAB-4A94-B2CD-70EDA9B4A636}.Release|ARM.ActiveCfg = Release|Any CPU
		{D87055DA-2AAB-4A94-B2CD-70EDA9B4A636}.Release|ARM.Build.0 = Release|Any CPU
		{D87055DA-2AAB-4A94-B2CD-70EDA9B4A636}.Release|ARM64.ActiveCfg = Release|Any CPU
		{D87055DA-2AAB-4A94-B2CD-70EDA9B4A636}.Release|ARM64.Build.0 = Release|Any CPU
		{D87055DA-2AAB-4A94-B2CD-70EDA9B4A636}.Release|x64.ActiveCfg = Release|Any CPU
		{D87055DA-2AAB-4A94-B2CD-70EDA9B4A636}.Release|x64.Build.0 = Release|Any CPU
		{D87055DA-2AAB-4A94-B2CD-70EDA9B4A636}.Release|x86.ActiveCfg = Release|Any CPU
		{D87055DA-2AAB-4A94-B2CD-70EDA9B4A636}.Release|x86.Build.0 = Release|Any CPU
		{5D9A4B05-EF3C-41C6-8970-B444CA609595}.Debug|Any CPU.ActiveCfg = Debug|Any CPU
		{5D9A4B05-EF3C-41C6-8970-B444CA609595}.Debug|Any CPU.Build.0 = Debug|Any CPU
		{5D9A4B05-EF3C-41C6-8970-B444CA609595}.Debug|ARM.ActiveCfg = Debug|Any CPU
		{5D9A4B05-EF3C-41C6-8970-B444CA609595}.Debug|ARM.Build.0 = Debug|Any CPU
		{5D9A4B05-EF3C-41C6-8970-B444CA609595}.Debug|ARM64.ActiveCfg = Debug|Any CPU
		{5D9A4B05-EF3C-41C6-8970-B444CA609595}.Debug|ARM64.Build.0 = Debug|Any CPU
		{5D9A4B05-EF3C-41C6-8970-B444CA609595}.Debug|x64.ActiveCfg = Debug|Any CPU
		{5D9A4B05-EF3C-41C6-8970-B444CA609595}.Debug|x64.Build.0 = Debug|Any CPU
		{5D9A4B05-EF3C-41C6-8970-B444CA609595}.Debug|x86.ActiveCfg = Debug|Any CPU
		{5D9A4B05-EF3C-41C6-8970-B444CA609595}.Debug|x86.Build.0 = Debug|Any CPU
		{5D9A4B05-EF3C-41C6-8970-B444CA609595}.Release|Any CPU.ActiveCfg = Release|Any CPU
		{5D9A4B05-EF3C-41C6-8970-B444CA609595}.Release|Any CPU.Build.0 = Release|Any CPU
		{5D9A4B05-EF3C-41C6-8970-B444CA609595}.Release|ARM.ActiveCfg = Release|Any CPU
		{5D9A4B05-EF3C-41C6-8970-B444CA609595}.Release|ARM.Build.0 = Release|Any CPU
		{5D9A4B05-EF3C-41C6-8970-B444CA609595}.Release|ARM64.ActiveCfg = Release|Any CPU
		{5D9A4B05-EF3C-41C6-8970-B444CA609595}.Release|ARM64.Build.0 = Release|Any CPU
		{5D9A4B05-EF3C-41C6-8970-B444CA609595}.Release|x64.ActiveCfg = Release|Any CPU
		{5D9A4B05-EF3C-41C6-8970-B444CA609595}.Release|x64.Build.0 = Release|Any CPU
		{5D9A4B05-EF3C-41C6-8970-B444CA609595}.Release|x86.ActiveCfg = Release|Any CPU
		{5D9A4B05-EF3C-41C6-8970-B444CA609595}.Release|x86.Build.0 = Release|Any CPU
		{50F91BAF-531E-4395-804B-7B37996EBD5F}.Debug|Any CPU.ActiveCfg = Debug|Any CPU
		{50F91BAF-531E-4395-804B-7B37996EBD5F}.Debug|Any CPU.Build.0 = Debug|Any CPU
		{50F91BAF-531E-4395-804B-7B37996EBD5F}.Debug|ARM.ActiveCfg = Debug|Any CPU
		{50F91BAF-531E-4395-804B-7B37996EBD5F}.Debug|ARM.Build.0 = Debug|Any CPU
		{50F91BAF-531E-4395-804B-7B37996EBD5F}.Debug|ARM64.ActiveCfg = Debug|Any CPU
		{50F91BAF-531E-4395-804B-7B37996EBD5F}.Debug|ARM64.Build.0 = Debug|Any CPU
		{50F91BAF-531E-4395-804B-7B37996EBD5F}.Debug|x64.ActiveCfg = Debug|x64
		{50F91BAF-531E-4395-804B-7B37996EBD5F}.Debug|x64.Build.0 = Debug|x64
		{50F91BAF-531E-4395-804B-7B37996EBD5F}.Debug|x86.ActiveCfg = Debug|Any CPU
		{50F91BAF-531E-4395-804B-7B37996EBD5F}.Debug|x86.Build.0 = Debug|Any CPU
		{50F91BAF-531E-4395-804B-7B37996EBD5F}.Release|Any CPU.ActiveCfg = Release|Any CPU
		{50F91BAF-531E-4395-804B-7B37996EBD5F}.Release|Any CPU.Build.0 = Release|Any CPU
		{50F91BAF-531E-4395-804B-7B37996EBD5F}.Release|ARM.ActiveCfg = Release|Any CPU
		{50F91BAF-531E-4395-804B-7B37996EBD5F}.Release|ARM.Build.0 = Release|Any CPU
		{50F91BAF-531E-4395-804B-7B37996EBD5F}.Release|ARM64.ActiveCfg = Release|Any CPU
		{50F91BAF-531E-4395-804B-7B37996EBD5F}.Release|ARM64.Build.0 = Release|Any CPU
		{50F91BAF-531E-4395-804B-7B37996EBD5F}.Release|x64.ActiveCfg = Release|x64
		{50F91BAF-531E-4395-804B-7B37996EBD5F}.Release|x64.Build.0 = Release|x64
		{50F91BAF-531E-4395-804B-7B37996EBD5F}.Release|x86.ActiveCfg = Release|Any CPU
		{50F91BAF-531E-4395-804B-7B37996EBD5F}.Release|x86.Build.0 = Release|Any CPU
		{C476EF84-74C9-4921-AC2F-9C1AAA5DAE3B}.Debug|Any CPU.ActiveCfg = Debug|Any CPU
		{C476EF84-74C9-4921-AC2F-9C1AAA5DAE3B}.Debug|Any CPU.Build.0 = Debug|Any CPU
		{C476EF84-74C9-4921-AC2F-9C1AAA5DAE3B}.Debug|ARM.ActiveCfg = Debug|Any CPU
		{C476EF84-74C9-4921-AC2F-9C1AAA5DAE3B}.Debug|ARM.Build.0 = Debug|Any CPU
		{C476EF84-74C9-4921-AC2F-9C1AAA5DAE3B}.Debug|ARM64.ActiveCfg = Debug|Any CPU
		{C476EF84-74C9-4921-AC2F-9C1AAA5DAE3B}.Debug|ARM64.Build.0 = Debug|Any CPU
		{C476EF84-74C9-4921-AC2F-9C1AAA5DAE3B}.Debug|x64.ActiveCfg = Debug|Any CPU
		{C476EF84-74C9-4921-AC2F-9C1AAA5DAE3B}.Debug|x64.Build.0 = Debug|Any CPU
		{C476EF84-74C9-4921-AC2F-9C1AAA5DAE3B}.Debug|x86.ActiveCfg = Debug|Any CPU
		{C476EF84-74C9-4921-AC2F-9C1AAA5DAE3B}.Debug|x86.Build.0 = Debug|Any CPU
		{C476EF84-74C9-4921-AC2F-9C1AAA5DAE3B}.Release|Any CPU.ActiveCfg = Release|Any CPU
		{C476EF84-74C9-4921-AC2F-9C1AAA5DAE3B}.Release|Any CPU.Build.0 = Release|Any CPU
		{C476EF84-74C9-4921-AC2F-9C1AAA5DAE3B}.Release|ARM.ActiveCfg = Release|Any CPU
		{C476EF84-74C9-4921-AC2F-9C1AAA5DAE3B}.Release|ARM.Build.0 = Release|Any CPU
		{C476EF84-74C9-4921-AC2F-9C1AAA5DAE3B}.Release|ARM64.ActiveCfg = Release|Any CPU
		{C476EF84-74C9-4921-AC2F-9C1AAA5DAE3B}.Release|ARM64.Build.0 = Release|Any CPU
		{C476EF84-74C9-4921-AC2F-9C1AAA5DAE3B}.Release|x64.ActiveCfg = Release|Any CPU
		{C476EF84-74C9-4921-AC2F-9C1AAA5DAE3B}.Release|x64.Build.0 = Release|Any CPU
		{C476EF84-74C9-4921-AC2F-9C1AAA5DAE3B}.Release|x86.ActiveCfg = Release|Any CPU
		{C476EF84-74C9-4921-AC2F-9C1AAA5DAE3B}.Release|x86.Build.0 = Release|Any CPU
		{A68E48E2-7D7E-4A9C-B833-FBCF47C070C2}.Debug|Any CPU.ActiveCfg = Debug|Any CPU
		{A68E48E2-7D7E-4A9C-B833-FBCF47C070C2}.Debug|Any CPU.Build.0 = Debug|Any CPU
		{A68E48E2-7D7E-4A9C-B833-FBCF47C070C2}.Debug|ARM.ActiveCfg = Debug|Any CPU
		{A68E48E2-7D7E-4A9C-B833-FBCF47C070C2}.Debug|ARM.Build.0 = Debug|Any CPU
		{A68E48E2-7D7E-4A9C-B833-FBCF47C070C2}.Debug|ARM64.ActiveCfg = Debug|Any CPU
		{A68E48E2-7D7E-4A9C-B833-FBCF47C070C2}.Debug|ARM64.Build.0 = Debug|Any CPU
		{A68E48E2-7D7E-4A9C-B833-FBCF47C070C2}.Debug|x64.ActiveCfg = Debug|Any CPU
		{A68E48E2-7D7E-4A9C-B833-FBCF47C070C2}.Debug|x64.Build.0 = Debug|Any CPU
		{A68E48E2-7D7E-4A9C-B833-FBCF47C070C2}.Debug|x86.ActiveCfg = Debug|Any CPU
		{A68E48E2-7D7E-4A9C-B833-FBCF47C070C2}.Debug|x86.Build.0 = Debug|Any CPU
		{A68E48E2-7D7E-4A9C-B833-FBCF47C070C2}.Release|Any CPU.ActiveCfg = Release|Any CPU
		{A68E48E2-7D7E-4A9C-B833-FBCF47C070C2}.Release|Any CPU.Build.0 = Release|Any CPU
		{A68E48E2-7D7E-4A9C-B833-FBCF47C070C2}.Release|ARM.ActiveCfg = Release|Any CPU
		{A68E48E2-7D7E-4A9C-B833-FBCF47C070C2}.Release|ARM.Build.0 = Release|Any CPU
		{A68E48E2-7D7E-4A9C-B833-FBCF47C070C2}.Release|ARM64.ActiveCfg = Release|Any CPU
		{A68E48E2-7D7E-4A9C-B833-FBCF47C070C2}.Release|ARM64.Build.0 = Release|Any CPU
		{A68E48E2-7D7E-4A9C-B833-FBCF47C070C2}.Release|x64.ActiveCfg = Release|Any CPU
		{A68E48E2-7D7E-4A9C-B833-FBCF47C070C2}.Release|x64.Build.0 = Release|Any CPU
		{A68E48E2-7D7E-4A9C-B833-FBCF47C070C2}.Release|x86.ActiveCfg = Release|Any CPU
		{A68E48E2-7D7E-4A9C-B833-FBCF47C070C2}.Release|x86.Build.0 = Release|Any CPU
		{CA9879CD-7BCF-44DE-A9BF-A87960980C8D}.Debug|Any CPU.ActiveCfg = Debug|Any CPU
		{CA9879CD-7BCF-44DE-A9BF-A87960980C8D}.Debug|Any CPU.Build.0 = Debug|Any CPU
		{CA9879CD-7BCF-44DE-A9BF-A87960980C8D}.Debug|ARM.ActiveCfg = Debug|Any CPU
		{CA9879CD-7BCF-44DE-A9BF-A87960980C8D}.Debug|ARM.Build.0 = Debug|Any CPU
		{CA9879CD-7BCF-44DE-A9BF-A87960980C8D}.Debug|ARM64.ActiveCfg = Debug|Any CPU
		{CA9879CD-7BCF-44DE-A9BF-A87960980C8D}.Debug|ARM64.Build.0 = Debug|Any CPU
		{CA9879CD-7BCF-44DE-A9BF-A87960980C8D}.Debug|x64.ActiveCfg = Debug|Any CPU
		{CA9879CD-7BCF-44DE-A9BF-A87960980C8D}.Debug|x64.Build.0 = Debug|Any CPU
		{CA9879CD-7BCF-44DE-A9BF-A87960980C8D}.Debug|x86.ActiveCfg = Debug|Any CPU
		{CA9879CD-7BCF-44DE-A9BF-A87960980C8D}.Debug|x86.Build.0 = Debug|Any CPU
		{CA9879CD-7BCF-44DE-A9BF-A87960980C8D}.Release|Any CPU.ActiveCfg = Release|Any CPU
		{CA9879CD-7BCF-44DE-A9BF-A87960980C8D}.Release|Any CPU.Build.0 = Release|Any CPU
		{CA9879CD-7BCF-44DE-A9BF-A87960980C8D}.Release|ARM.ActiveCfg = Release|Any CPU
		{CA9879CD-7BCF-44DE-A9BF-A87960980C8D}.Release|ARM.Build.0 = Release|Any CPU
		{CA9879CD-7BCF-44DE-A9BF-A87960980C8D}.Release|ARM64.ActiveCfg = Release|Any CPU
		{CA9879CD-7BCF-44DE-A9BF-A87960980C8D}.Release|ARM64.Build.0 = Release|Any CPU
		{CA9879CD-7BCF-44DE-A9BF-A87960980C8D}.Release|x64.ActiveCfg = Release|Any CPU
		{CA9879CD-7BCF-44DE-A9BF-A87960980C8D}.Release|x64.Build.0 = Release|Any CPU
		{CA9879CD-7BCF-44DE-A9BF-A87960980C8D}.Release|x86.ActiveCfg = Release|Any CPU
		{CA9879CD-7BCF-44DE-A9BF-A87960980C8D}.Release|x86.Build.0 = Release|Any CPU
		{3F3A672C-C87D-41EE-A5BF-FA7D29DA6283}.Debug|Any CPU.ActiveCfg = Debug|Any CPU
		{3F3A672C-C87D-41EE-A5BF-FA7D29DA6283}.Debug|Any CPU.Build.0 = Debug|Any CPU
		{3F3A672C-C87D-41EE-A5BF-FA7D29DA6283}.Debug|ARM.ActiveCfg = Debug|Any CPU
		{3F3A672C-C87D-41EE-A5BF-FA7D29DA6283}.Debug|ARM.Build.0 = Debug|Any CPU
		{3F3A672C-C87D-41EE-A5BF-FA7D29DA6283}.Debug|ARM64.ActiveCfg = Debug|Any CPU
		{3F3A672C-C87D-41EE-A5BF-FA7D29DA6283}.Debug|ARM64.Build.0 = Debug|Any CPU
		{3F3A672C-C87D-41EE-A5BF-FA7D29DA6283}.Debug|x64.ActiveCfg = Debug|Any CPU
		{3F3A672C-C87D-41EE-A5BF-FA7D29DA6283}.Debug|x64.Build.0 = Debug|Any CPU
		{3F3A672C-C87D-41EE-A5BF-FA7D29DA6283}.Debug|x86.ActiveCfg = Debug|Any CPU
		{3F3A672C-C87D-41EE-A5BF-FA7D29DA6283}.Debug|x86.Build.0 = Debug|Any CPU
		{3F3A672C-C87D-41EE-A5BF-FA7D29DA6283}.Release|Any CPU.ActiveCfg = Release|Any CPU
		{3F3A672C-C87D-41EE-A5BF-FA7D29DA6283}.Release|Any CPU.Build.0 = Release|Any CPU
		{3F3A672C-C87D-41EE-A5BF-FA7D29DA6283}.Release|ARM.ActiveCfg = Release|Any CPU
		{3F3A672C-C87D-41EE-A5BF-FA7D29DA6283}.Release|ARM.Build.0 = Release|Any CPU
		{3F3A672C-C87D-41EE-A5BF-FA7D29DA6283}.Release|ARM64.ActiveCfg = Release|Any CPU
		{3F3A672C-C87D-41EE-A5BF-FA7D29DA6283}.Release|ARM64.Build.0 = Release|Any CPU
		{3F3A672C-C87D-41EE-A5BF-FA7D29DA6283}.Release|x64.ActiveCfg = Release|Any CPU
		{3F3A672C-C87D-41EE-A5BF-FA7D29DA6283}.Release|x64.Build.0 = Release|Any CPU
		{3F3A672C-C87D-41EE-A5BF-FA7D29DA6283}.Release|x86.ActiveCfg = Release|Any CPU
		{3F3A672C-C87D-41EE-A5BF-FA7D29DA6283}.Release|x86.Build.0 = Release|Any CPU
		{3979F72A-CEFD-4058-B5C2-81C0960255D0}.Debug|Any CPU.ActiveCfg = Debug|Any CPU
		{3979F72A-CEFD-4058-B5C2-81C0960255D0}.Debug|Any CPU.Build.0 = Debug|Any CPU
		{3979F72A-CEFD-4058-B5C2-81C0960255D0}.Debug|ARM.ActiveCfg = Debug|Any CPU
		{3979F72A-CEFD-4058-B5C2-81C0960255D0}.Debug|ARM.Build.0 = Debug|Any CPU
		{3979F72A-CEFD-4058-B5C2-81C0960255D0}.Debug|ARM64.ActiveCfg = Debug|Any CPU
		{3979F72A-CEFD-4058-B5C2-81C0960255D0}.Debug|ARM64.Build.0 = Debug|Any CPU
		{3979F72A-CEFD-4058-B5C2-81C0960255D0}.Debug|x64.ActiveCfg = Debug|Any CPU
		{3979F72A-CEFD-4058-B5C2-81C0960255D0}.Debug|x64.Build.0 = Debug|Any CPU
		{3979F72A-CEFD-4058-B5C2-81C0960255D0}.Debug|x86.ActiveCfg = Debug|Any CPU
		{3979F72A-CEFD-4058-B5C2-81C0960255D0}.Debug|x86.Build.0 = Debug|Any CPU
		{3979F72A-CEFD-4058-B5C2-81C0960255D0}.Release|Any CPU.ActiveCfg = Release|Any CPU
		{3979F72A-CEFD-4058-B5C2-81C0960255D0}.Release|Any CPU.Build.0 = Release|Any CPU
		{3979F72A-CEFD-4058-B5C2-81C0960255D0}.Release|ARM.ActiveCfg = Release|Any CPU
		{3979F72A-CEFD-4058-B5C2-81C0960255D0}.Release|ARM.Build.0 = Release|Any CPU
		{3979F72A-CEFD-4058-B5C2-81C0960255D0}.Release|ARM64.ActiveCfg = Release|Any CPU
		{3979F72A-CEFD-4058-B5C2-81C0960255D0}.Release|ARM64.Build.0 = Release|Any CPU
		{3979F72A-CEFD-4058-B5C2-81C0960255D0}.Release|x64.ActiveCfg = Release|Any CPU
		{3979F72A-CEFD-4058-B5C2-81C0960255D0}.Release|x64.Build.0 = Release|Any CPU
		{3979F72A-CEFD-4058-B5C2-81C0960255D0}.Release|x86.ActiveCfg = Release|Any CPU
		{3979F72A-CEFD-4058-B5C2-81C0960255D0}.Release|x86.Build.0 = Release|Any CPU
		{6B72E440-DAF3-49B3-9015-68ECF05724F9}.Debug|Any CPU.ActiveCfg = Debug|x64
		{6B72E440-DAF3-49B3-9015-68ECF05724F9}.Debug|Any CPU.Build.0 = Debug|x64
		{6B72E440-DAF3-49B3-9015-68ECF05724F9}.Debug|Any CPU.Deploy.0 = Debug|x64
		{6B72E440-DAF3-49B3-9015-68ECF05724F9}.Debug|ARM.ActiveCfg = Debug|ARM
		{6B72E440-DAF3-49B3-9015-68ECF05724F9}.Debug|ARM.Build.0 = Debug|ARM
		{6B72E440-DAF3-49B3-9015-68ECF05724F9}.Debug|ARM.Deploy.0 = Debug|ARM
		{6B72E440-DAF3-49B3-9015-68ECF05724F9}.Debug|ARM64.ActiveCfg = Debug|ARM64
		{6B72E440-DAF3-49B3-9015-68ECF05724F9}.Debug|ARM64.Build.0 = Debug|ARM64
		{6B72E440-DAF3-49B3-9015-68ECF05724F9}.Debug|ARM64.Deploy.0 = Debug|ARM64
		{6B72E440-DAF3-49B3-9015-68ECF05724F9}.Debug|x64.ActiveCfg = Debug|x64
		{6B72E440-DAF3-49B3-9015-68ECF05724F9}.Debug|x64.Build.0 = Debug|x64
		{6B72E440-DAF3-49B3-9015-68ECF05724F9}.Debug|x64.Deploy.0 = Debug|x64
		{6B72E440-DAF3-49B3-9015-68ECF05724F9}.Debug|x86.ActiveCfg = Debug|x86
		{6B72E440-DAF3-49B3-9015-68ECF05724F9}.Debug|x86.Build.0 = Debug|x86
		{6B72E440-DAF3-49B3-9015-68ECF05724F9}.Debug|x86.Deploy.0 = Debug|x86
		{6B72E440-DAF3-49B3-9015-68ECF05724F9}.Release|Any CPU.ActiveCfg = Release|x64
		{6B72E440-DAF3-49B3-9015-68ECF05724F9}.Release|Any CPU.Build.0 = Release|x64
		{6B72E440-DAF3-49B3-9015-68ECF05724F9}.Release|Any CPU.Deploy.0 = Release|x64
		{6B72E440-DAF3-49B3-9015-68ECF05724F9}.Release|ARM.ActiveCfg = Release|ARM
		{6B72E440-DAF3-49B3-9015-68ECF05724F9}.Release|ARM.Build.0 = Release|ARM
		{6B72E440-DAF3-49B3-9015-68ECF05724F9}.Release|ARM.Deploy.0 = Release|ARM
		{6B72E440-DAF3-49B3-9015-68ECF05724F9}.Release|ARM64.ActiveCfg = Release|ARM64
		{6B72E440-DAF3-49B3-9015-68ECF05724F9}.Release|ARM64.Build.0 = Release|ARM64
		{6B72E440-DAF3-49B3-9015-68ECF05724F9}.Release|ARM64.Deploy.0 = Release|ARM64
		{6B72E440-DAF3-49B3-9015-68ECF05724F9}.Release|x64.ActiveCfg = Release|x64
		{6B72E440-DAF3-49B3-9015-68ECF05724F9}.Release|x64.Build.0 = Release|x64
		{6B72E440-DAF3-49B3-9015-68ECF05724F9}.Release|x64.Deploy.0 = Release|x64
		{6B72E440-DAF3-49B3-9015-68ECF05724F9}.Release|x86.ActiveCfg = Release|x86
		{6B72E440-DAF3-49B3-9015-68ECF05724F9}.Release|x86.Build.0 = Release|x86
		{6B72E440-DAF3-49B3-9015-68ECF05724F9}.Release|x86.Deploy.0 = Release|x86
	EndGlobalSection
	GlobalSection(SolutionProperties) = preSolution
		HideSolutionNode = FALSE
	EndGlobalSection
	GlobalSection(NestedProjects) = preSolution
		{D3E7567F-9B02-470E-A2C9-A553EE7FF40C} = {DDF0214E-812C-4607-893E-F583E8FEDC37}
		{D2705574-3BA8-4059-A02E-2878A8C2E9F3} = {DDF0214E-812C-4607-893E-F583E8FEDC37}
		{851670C0-014A-4716-8D0E-A41694D8B983} = {290C3C10-EFB9-4571-B388-926637C9E111}
		{2B4D0D2C-B0FD-4F87-A29B-AA0AE5B8A164} = {290C3C10-EFB9-4571-B388-926637C9E111}
		{85AE4E11-6DCE-4795-BF35-0D58FF5E5FCF} = {290C3C10-EFB9-4571-B388-926637C9E111}
		{3BD89421-B1E1-490F-AFEF-34B703F8D603} = {12CA4997-7908-4FE0-982F-2FC56A7CC832}
		{D6916CED-ED85-418E-AF4A-658993ECAB65} = {12CA4997-7908-4FE0-982F-2FC56A7CC832}
		{35578693-A05F-45BA-B1CC-43C1145A8A7A} = {12CA4997-7908-4FE0-982F-2FC56A7CC832}
		{D87055DA-2AAB-4A94-B2CD-70EDA9B4A636} = {12CA4997-7908-4FE0-982F-2FC56A7CC832}
		{5D9A4B05-EF3C-41C6-8970-B444CA609595} = {6B224D67-E18F-4B9A-8286-E075E2C665C0}
		{50F91BAF-531E-4395-804B-7B37996EBD5F} = {6B224D67-E18F-4B9A-8286-E075E2C665C0}
		{C476EF84-74C9-4921-AC2F-9C1AAA5DAE3B} = {CEA023E0-4DF9-4B7E-A9BA-296A2522BD9A}
		{A68E48E2-7D7E-4A9C-B833-FBCF47C070C2} = {12CA4997-7908-4FE0-982F-2FC56A7CC832}
		{CA9879CD-7BCF-44DE-A9BF-A87960980C8D} = {12CA4997-7908-4FE0-982F-2FC56A7CC832}
		{99E4A9A3-78F2-4D77-AE0E-77416179C9D9} = {26D46CC8-20AE-4079-9E45-58B5B4B9B780}
		{3F3A672C-C87D-41EE-A5BF-FA7D29DA6283} = {3ACEEB12-20EA-4AE5-BDCF-75A6755A4C2E}
		{3979F72A-CEFD-4058-B5C2-81C0960255D0} = {CEA023E0-4DF9-4B7E-A9BA-296A2522BD9A}
		{6B72E440-DAF3-49B3-9015-68ECF05724F9} = {1FA83CFC-B0E4-4759-8E53-4AF457137D8B}
	EndGlobalSection
	GlobalSection(ExtensibilityGlobals) = postSolution
		SolutionGuid = {E6152233-E9D8-4E47-935B-F8AE00F7FD90}
	EndGlobalSection
EndGlobal
