
Microsoft Visual Studio Solution File, Format Version 12.00
# Visual Studio Version 17
VisualStudioVersion = 17.2.32526.322
MinimumVisualStudioVersion = 10.0.40219.1
Project("{9A19103F-16F7-4668-BE54-9A1E7A4F7556}") = "101 Console App Utilities", "1 Console App Utilities\101 Console App Utilities.csproj", "{43AF90B7-76CB-49DA-B1B3-85A9F5EBD8D6}"
EndProject
Project("{2150E333-8FDC-42A3-9474-1A3956D46DE8}") = "2 WPF App Utilities", "2 WPF App Utilities", "{6B224D67-E18F-4B9A-8286-E075E2C665C0}"
EndProject
Project("{2150E333-8FDC-42A3-9474-1A3956D46DE8}") = "1 Console App Utilities", "1 Console App Utilities", "{12CA4997-7908-4FE0-982F-2FC56A7CC832}"
EndProject
Project("{2150E333-8FDC-42A3-9474-1A3956D46DE8}") = "0 Usage Examples", "0 Usage Examples", "{290C3C10-EFB9-4571-B388-926637C9E111}"
EndProject
Project("{FAE04EC0-301F-11D3-BF4B-00C04F79EFBC}") = "201 Node Controller", "2 WPF App Utilities\201 Node Controller\201 Node Controller.csproj", "{B8CDDDF0-7BD1-4294-80BA-F55D488A2FC5}"
EndProject
Project("{2150E333-8FDC-42A3-9474-1A3956D46DE8}") = "3 WFA App Utilities", "3 WFA App Utilities", "{CEA023E0-4DF9-4B7E-A9BA-296A2522BD9A}"
EndProject
Project("{FAE04EC0-301F-11D3-BF4B-00C04F79EFBC}") = "301 Node Controller", "3 WFA App Utilities\301 Node Controller\301 Node Controller.csproj", "{EFFCC270-4999-4077-A543-56CCCCE92147}"
EndProject
Project("{FAE04EC0-301F-11D3-BF4B-00C04F79EFBC}") = "003 Research Articles Node Controller", "0 Usage Examples\003 Research Articles Node Controller\003 Research Articles Node Controller.csproj", "{4E1829B5-2160-48F5-ABD6-11914A6A25DD}"
EndProject
Global
	GlobalSection(SolutionConfigurationPlatforms) = preSolution
		Debug|Any CPU = Debug|Any CPU
		Debug|x86 = Debug|x86
		Release|Any CPU = Release|Any CPU
		Release|x86 = Release|x86
	EndGlobalSection
	GlobalSection(ProjectConfigurationPlatforms) = postSolution
		{43AF90B7-76CB-49DA-B1B3-85A9F5EBD8D6}.Debug|Any CPU.ActiveCfg = Debug|Any CPU
		{43AF90B7-76CB-49DA-B1B3-85A9F5EBD8D6}.Debug|Any CPU.Build.0 = Debug|Any CPU
		{43AF90B7-76CB-49DA-B1B3-85A9F5EBD8D6}.Debug|x86.ActiveCfg = Debug|Any CPU
		{43AF90B7-76CB-49DA-B1B3-85A9F5EBD8D6}.Debug|x86.Build.0 = Debug|Any CPU
		{43AF90B7-76CB-49DA-B1B3-85A9F5EBD8D6}.Release|Any CPU.ActiveCfg = Release|Any CPU
		{43AF90B7-76CB-49DA-B1B3-85A9F5EBD8D6}.Release|Any CPU.Build.0 = Release|Any CPU
		{43AF90B7-76CB-49DA-B1B3-85A9F5EBD8D6}.Release|x86.ActiveCfg = Release|Any CPU
		{43AF90B7-76CB-49DA-B1B3-85A9F5EBD8D6}.Release|x86.Build.0 = Release|Any CPU
		{B8CDDDF0-7BD1-4294-80BA-F55D488A2FC5}.Debug|Any CPU.ActiveCfg = Debug|Any CPU
		{B8CDDDF0-7BD1-4294-80BA-F55D488A2FC5}.Debug|Any CPU.Build.0 = Debug|Any CPU
		{B8CDDDF0-7BD1-4294-80BA-F55D488A2FC5}.Debug|x86.ActiveCfg = Debug|Any CPU
		{B8CDDDF0-7BD1-4294-80BA-F55D488A2FC5}.Debug|x86.Build.0 = Debug|Any CPU
		{B8CDDDF0-7BD1-4294-80BA-F55D488A2FC5}.Release|Any CPU.ActiveCfg = Release|Any CPU
		{B8CDDDF0-7BD1-4294-80BA-F55D488A2FC5}.Release|Any CPU.Build.0 = Release|Any CPU
		{B8CDDDF0-7BD1-4294-80BA-F55D488A2FC5}.Release|x86.ActiveCfg = Release|Any CPU
		{B8CDDDF0-7BD1-4294-80BA-F55D488A2FC5}.Release|x86.Build.0 = Release|Any CPU
		{EFFCC270-4999-4077-A543-56CCCCE92147}.Debug|Any CPU.ActiveCfg = Debug|Any CPU
		{EFFCC270-4999-4077-A543-56CCCCE92147}.Debug|Any CPU.Build.0 = Debug|Any CPU
		{EFFCC270-4999-4077-A543-56CCCCE92147}.Debug|x86.ActiveCfg = Debug|Any CPU
		{EFFCC270-4999-4077-A543-56CCCCE92147}.Debug|x86.Build.0 = Debug|Any CPU
		{EFFCC270-4999-4077-A543-56CCCCE92147}.Release|Any CPU.ActiveCfg = Release|Any CPU
		{EFFCC270-4999-4077-A543-56CCCCE92147}.Release|Any CPU.Build.0 = Release|Any CPU
		{EFFCC270-4999-4077-A543-56CCCCE92147}.Release|x86.ActiveCfg = Release|Any CPU
		{EFFCC270-4999-4077-A543-56CCCCE92147}.Release|x86.Build.0 = Release|Any CPU
		{4E1829B5-2160-48F5-ABD6-11914A6A25DD}.Debug|Any CPU.ActiveCfg = Debug|x86
		{4E1829B5-2160-48F5-ABD6-11914A6A25DD}.Debug|Any CPU.Build.0 = Debug|x86
		{4E1829B5-2160-48F5-ABD6-11914A6A25DD}.Debug|x86.ActiveCfg = Debug|x86
		{4E1829B5-2160-48F5-ABD6-11914A6A25DD}.Debug|x86.Build.0 = Debug|x86
		{4E1829B5-2160-48F5-ABD6-11914A6A25DD}.Release|Any CPU.ActiveCfg = Release|x86
		{4E1829B5-2160-48F5-ABD6-11914A6A25DD}.Release|Any CPU.Build.0 = Release|x86
		{4E1829B5-2160-48F5-ABD6-11914A6A25DD}.Release|x86.ActiveCfg = Release|x86
		{4E1829B5-2160-48F5-ABD6-11914A6A25DD}.Release|x86.Build.0 = Release|x86
	EndGlobalSection
	GlobalSection(SolutionProperties) = preSolution
		HideSolutionNode = FALSE
	EndGlobalSection
	GlobalSection(NestedProjects) = preSolution
		{43AF90B7-76CB-49DA-B1B3-85A9F5EBD8D6} = {12CA4997-7908-4FE0-982F-2FC56A7CC832}
		{B8CDDDF0-7BD1-4294-80BA-F55D488A2FC5} = {6B224D67-E18F-4B9A-8286-E075E2C665C0}
		{EFFCC270-4999-4077-A543-56CCCCE92147} = {CEA023E0-4DF9-4B7E-A9BA-296A2522BD9A}
		{4E1829B5-2160-48F5-ABD6-11914A6A25DD} = {290C3C10-EFB9-4571-B388-926637C9E111}
	EndGlobalSection
	GlobalSection(ExtensibilityGlobals) = postSolution
		SolutionGuid = {E6152233-E9D8-4E47-935B-F8AE00F7FD90}
	EndGlobalSection
EndGlobal
